lockfileVersion: '9.0'

settings:
  autoInstallPeers: true
  excludeLinksFromLockfile: false

importers:

  .:
    devDependencies:
      '@vue/server-renderer':
        specifier: ^3.5.40
        version: 3.5.40
      esbuild:
        specifier: ^0.28.1
        version: 0.28.1
      svg2ttf:
        specifier: ^6.1.0
        version: 6.1.0
      svgicons2svgfont:
        specifier: ^16.0.0
        version: 16.0.0
      svgo:
        specifier: ^4.0.2
        version: 4.0.2
      svgpath:
        specifier: ^2.6.0
        version: 2.6.0
      ttf2eot:
        specifier: ^3.1.0
        version: 3.1.0
      ttf2woff:
        specifier: ^3.0.0
        version: 3.0.0
      ttf2woff2:
        specifier: ^8.0.1
        version: 8.0.1
      vue:
        specifier: ^3.5.40
        version: 3.5.40

packages:

  '@babel/helper-string-parser@7.29.7':
    resolution: {integrity: sha512-Pb5ijPrZ89GDH8223L4UP8i6QApWxs04RbPQJTeWDV0/keR2E36MeKnyr6LYmUUvqRRI+Iv87SuF1W6ErINzYw==}
    engines: {node: '>=6.9.0'}

  '@babel/helper-validator-identifier@7.29.7':
    resolution: {integrity: sha512-qehxGkRj55h/ff8EMaJ+cYhyaKlHIxqYDn682wQD7RNp9UujOQsHog2uS0r2vzr4pW+sXf90NeeayjcNaX3fFg==}
    engines: {node: '>=6.9.0'}

  '@babel/parser@7.29.8':
    resolution: {integrity: sha512-E8lTAYNB1KW+FH+VGJuZM1ioAx2E6oVlvQFRrf5P8ZZmsiJXYAD9vTFV7yyEURNzgh1dFqMZuO6tUwcARbqFCA==}
    engines: {node: '>=6.0.0'}
    hasBin: true

  '@babel/types@7.29.8':
    resolution: {integrity: sha512-Vj1jF3cPfxg7OAfoI7QnVKLoILlm2JF9pnVHrX8qx7AHMiYWT+NDAA7jChlNgRS4WTLc/fD1lXLmPixluj+3Gg==}
    engines: {node: '>=6.9.0'}

  '@esbuild/aix-ppc64@0.28.1':
    resolution: {integrity: sha512-Svl7tq8k/08+p6CXPpRjQ1fKX+1odH/BQbb48fV6fj3CWHhsoIOoY87w1oHXm0qEpkIK3ZfVgp0hed3XBXzXMQ==}
    engines: {node: '>=18'}
    cpu: [ppc64]
    os: [aix]

  '@esbuild/android-arm64@0.28.1':
    resolution: {integrity: sha512-34EGEbCIAgosYz6goLcopX6Mo7NyGv9tfwEM2/7Ce2VcVRk568iSvniGWcUXIy7wEDR1wzolcxcriFVrWYcwBg==}
    engines: {node: '>=18'}
    cpu: [arm64]
    os: [android]

  '@esbuild/android-arm@0.28.1':
    resolution: {integrity: sha512-0k2F129Xdio1TdJfzJ8sy1Q47vUD2NnwdhiAf7drUN1EBTfPf4hsFCtmMgu/6m8JSzsBrlmVjudMBQqOfG8usQ==}
    engines: {node: '>=18'}
    cpu: [arm]
    os: [android]

  '@esbuild/android-x64@0.28.1':
    resolution: {integrity: sha512-dbwY7ltSMDWsRatcRpCnES4F+im88OCUgGZjy52shC7GqHRE/cYlxNbB4Z4UpJswpcc4Qxd2oE/ufM0p61IKng==}
    engines: {node: '>=18'}
    cpu: [x64]
    os: [android]

  '@esbuild/darwin-arm64@0.28.1':
    resolution: {integrity: sha512-TZbWkQY7kvTAXbXUT7uVACR5cMHsDiSz9z7ZKAX/RTq/WJEk3QyRr0wZpNhBDX+/0CtdqUIJlOiodQcta6tY3Q==}
    engines: {node: '>=18'}
    cpu: [arm64]
    os: [darwin]

  '@esbuild/darwin-x64@0.28.1':
    resolution: {integrity: sha512-zfdzgK9ACBNZLI/CyHTOx81SyNbM6YXn7rxSgX97VjyiPl9W1i4Ka4fgKECEoFCKGpvBj5qArWIGgQjOwkgskQ==}
    engines: {node: '>=18'}
    cpu: [x64]
    os: [darwin]

  '@esbuild/freebsd-arm64@0.28.1':
    resolution: {integrity: sha512-wG2EA8ENdEI0qhkSZMjfqrdY+ziCYCPMmtZjjIwOmXFjmyzEHn+UUxk5of+SYsjtfs3VpnlC7QLzSI5hY/rOAw==}
    engines: {node: '>=18'}
    cpu: [arm64]
    os: [freebsd]

  '@esbuild/freebsd-x64@0.28.1':
    resolution: {integrity: sha512-i7dZ9vQgnvSCzi/rYCXNgtF/U+eKZNJBzu3eTQbRgHnM7tNSizLOkRFAl3qzVc/Op/u5YkHHa4pf/3DOYHthLQ==}
    engines: {node: '>=18'}
    cpu: [x64]
    os: [freebsd]

  '@esbuild/linux-arm64@0.28.1':
    resolution: {integrity: sha512-yHs+0uc8+nvEAfAfxrWQKK5peSNzBc4PegcMO0EJ2hT71uA7vB8Ihg2e77R2P7SG5uYjPbHlLLmve4LLLRCf0g==}
    engines: {node: '>=18'}
    cpu: [arm64]
    os: [linux]

  '@esbuild/linux-arm@0.28.1':
    resolution: {integrity: sha512-qVXBOHQS+d5Y722GwJzJUtOLlX7km3CraOaGormF1pDtPd2C/l1SHRPgjLunLGe51Sh5YYWKMFDyV4SxgMQYTQ==}
    engines: {node: '>=18'}
    cpu: [arm]
    os: [linux]

  '@esbuild/linux-ia32@0.28.1':
    resolution: {integrity: sha512-d1z4ZuP0ajrfz/FhGT4vv278rX8KnPPJx8i5+AtK7TYbx9Le9F1hyzurZpkEyjkGa9dUGhQow4C1NmeGvqxN2w==}
    engines: {node: '>=18'}
    cpu: [ia32]
    os: [linux]

  '@esbuild/linux-loong64@0.28.1':
    resolution: {integrity: sha512-M5sRjUVZrkm1OAPR3dlOYzNmN+loZKGVi1VUQGrwuqLcbR6qeAz+famMhjASeH3YVKvZz+zT1jlh/keC3Rj/lg==}
    engines: {node: '>=18'}
    cpu: [loong64]
    os: [linux]

  '@esbuild/linux-mips64el@0.28.1':
    resolution: {integrity: sha512-mRObBZeHh2OxcBFPWE/FjylkRgZdYuiTR3vaTozquCGOH14iP9oN4x4Ge81CoIDYQrXmIxpFumJBu5MtZpnQJQ==}
    engines: {node: '>=18'}
    cpu: [mips64el]
    os: [linux]

  '@esbuild/linux-ppc64@0.28.1':
    resolution: {integrity: sha512-slScBsMAb3GFDcdrCgLwZtPYRoH2H/youv10QiZyRjmsP48fznoveWytSgCI/R0ZcUgpc0ZhIUEx6LHts8yrfQ==}
    engines: {node: '>=18'}
    cpu: [ppc64]
    os: [linux]

  '@esbuild/linux-riscv64@0.28.1':
    resolution: {integrity: sha512-kw0owk1o0GFETUJyW0jc0G4Yzs0BHZn0JDZ8JRT088vjJYX777BAs1fDGxAC+q831qOs2DTC96mNsG2opdfyyQ==}
    engines: {node: '>=18'}
    cpu: [riscv64]
    os: [linux]

  '@esbuild/linux-s390x@0.28.1':
    resolution: {integrity: sha512-/lAIjX8aYFRByhh6L5rYtPEDRqa9de/4V/juOXcta5frjvzXO4/sqEtyytse0g3zZFuWu5cDN0MkLz2qRDD2Ag==}
    engines: {node: '>=18'}
    cpu: [s390x]
    os: [linux]

  '@esbuild/linux-x64@0.28.1':
    resolution: {integrity: sha512-u/anNYF2mmVOEDwLtnQ1wOr3EZ9sTNGLWrsYGYwHWzGA3Si84IOkHXlbWTD1NB+9/1lcnweYKO54uhxZydNzfA==}
    engines: {node: '>=18'}
    cpu: [x64]
    os: [linux]

  '@esbuild/netbsd-arm64@0.28.1':
    resolution: {integrity: sha512-oks0DYbLwWMmaakTsCb+zL4E+aHRVLom9IJZOAthMQEPiQmydXHkziYEsGYRx0uNV/IjEKGAV941JzH02pflqw==}
    engines: {node: '>=18'}
    cpu: [arm64]
    os: [netbsd]

  '@esbuild/netbsd-x64@0.28.1':
    resolution: {integrity: sha512-aeL6lAnN89Hz43Mlh1G8ARasbuoYvSITDEx0tHh5b7jJnHcssqgjy9Yx430GDpmCa6OyrKoS0aNRjKundRizGg==}
    engines: {node: '>=18'}
    cpu: [x64]
    os: [netbsd]

  '@esbuild/openbsd-arm64@0.28.1':
    resolution: {integrity: sha512-MEFJe5C3R8pwXdZ5Y21oo6m7ePiS0d9pWucn99O/wvyJZChoIQKrQDxKrGeW8F5+T0okTHesAmDeiHDTIq0V/Q==}
    engines: {node: '>=18'}
    cpu: [arm64]
    os: [openbsd]

  '@esbuild/openbsd-x64@0.28.1':
    resolution: {integrity: sha512-i/ZLIOafE0Z8cI/XANJAixoJL/uRAoS2xOA3rb0xN+KK0K177cMAsQYkzHtBrtMXAKuAc7HGgcWiZ/sRC1Nxgw==}
    engines: {node: '>=18'}
    cpu: [x64]
    os: [openbsd]

  '@esbuild/openharmony-arm64@0.28.1':
    resolution: {integrity: sha512-ge+Z7EXFNt2BO1oAMsVpiQ8EwndV9i1xXerAeTIK7AtPs3bKFXQM7nlRxDSIUIMeueR1CNXxqztLzdNeReKBJg==}
    engines: {node: '>=18'}
    cpu: [arm64]
    os: [openharmony]

  '@esbuild/sunos-x64@0.28.1':
    resolution: {integrity: sha512-BEjgtECkL3vY+SaSQ6nzVfiALUeFxpawyp8Jmf5PtYhf1Ug40N1h/hxlhts+f1FvSvarEigdxS3BlSMI2PJLcQ==}
    engines: {node: '>=18'}
    cpu: [x64]
    os: [sunos]

  '@esbuild/win32-arm64@0.28.1':
    resolution: {integrity: sha512-lCv9eK/H6ZJWbE7bh2nw54CZ9M2nupBxJcTsdk/QQnWkdSjKGuxmmH8/GWrlT1eMmZfn4dGcCjRte397WqfQXA==}
    engines: {node: '>=18'}
    cpu: [arm64]
    os: [win32]

  '@esbuild/win32-ia32@0.28.1':
    resolution: {integrity: sha512-zvb/mB2bSCoJOpoCBgYKKpX6YM6mJBlBUVUtVj41DlZJVEB6/0CKlRYxP5wWl1C1ILiCoAU5wZZ4q1P3qeS6Eg==}
    engines: {node: '>=18'}
    cpu: [ia32]
    os: [win32]

  '@esbuild/win32-x64@0.28.1':
    resolution: {integrity: sha512-bm4Mowrv+GXMlpWX++EcXw/iLyd1o3+bJkC2DkWXYVvgZCqD/bSj9ctZeAMC3cIxgjRVR2Dufaiu4YPxr5gW1A==}
    engines: {node: '>=18'}
    cpu: [x64]
    os: [win32]

  '@isaacs/cliui@8.0.2':
    resolution: {integrity: sha512-O8jcjabXaleOG9DQ0+ARXWZBTfnP4WNAqzuiJK7ll44AmxGKv/J2M4TPjxjY3znBCfvBXFzucm1twdyFybFqEA==}
    engines: {node: '>=12'}

  '@isaacs/fs-minipass@4.0.1':
    resolution: {integrity: sha512-wgm9Ehl2jpeqP3zw/7mo3kRHFp5MEDhqAdwy1fTGkHAwnkGOVsgpvQhL8B5n1qlb01jV3n/bI0ZfZp5lWA1k4w==}
    engines: {node: '>=18.0.0'}

  '@jridgewell/sourcemap-codec@1.5.5':
    resolution: {integrity: sha512-cYQ9310grqxueWbl+WuIUIaiUaDcj7WOq5fVhEljNVgRfOUhY9fy2zTvfoqWsnebh8Sl70VScFbICvJnLKB0Og==}

  '@npmcli/agent@3.0.0':
    resolution: {integrity: sha512-S79NdEgDQd/NGCay6TCoVzXSj74skRZIKJcpJjC5lOq34SZzyI6MqtiiWoiVWoVrTcGjNeC4ipbh1VIHlpfF5Q==}
    engines: {node: ^18.17.0 || >=20.5.0}

  '@npmcli/fs@4.0.0':
    resolution: {integrity: sha512-/xGlezI6xfGO9NwuJlnwz/K14qD1kCSAGtacBHnGzeAIuJGazcp45KP5NuyARXoKb7cwulAGWVsbeSxdG/cb0Q==}
    engines: {node: ^18.17.0 || >=20.5.0}

  '@pkgjs/parseargs@0.11.0':
    resolution: {integrity: sha512-+1VkjdD0QBLPodGrJUeqarH8VAIvQODIbwh9XpP5Syisf7YoQgsJKPNFoqqLQlu+VQ/tVSshMR6loPMn8U+dPg==}
    engines: {node: '>=14'}

  '@types/node@26.1.2':
    resolution: {integrity: sha512-Vu4a5UFA9rIIFJ7rB/Vaafh9lrCQszopTCx6KjFboXTGQbPNasehVR5TEiithSDGyd1DEiUByggTZsg8jukeIg==}

  '@types/sax@1.2.7':
    resolution: {integrity: sha512-rO73L89PJxeYM3s3pPPjiPgVVcymqU490g0YO5n5By0k2Erzj6tay/4lr1CHAAU4JyOWd1rpQ8bCf6cZfHU96A==}

  '@vue/compiler-core@3.5.40':
    resolution: {integrity: sha512-39E8IgOhTbVDnoJFMKc2DvYnypcZwUqgUhQkccva/0m6FUwtIKSGV7n1hpVmYcFaoRAwf9pBcwnKlCEsN63ZEQ==}

  '@vue/compiler-dom@3.5.40':
    resolution: {integrity: sha512-pwkx4vqlqOspFstrcmzwkKLePVMD3PT65imRzLhanU2V1Fj4K13g6OXjanOyzw3aTAuRk84BOmY8f3rEHqPaVA==}

  '@vue/compiler-sfc@3.5.40':
    resolution: {integrity: sha512-gIf497P4kpuALcvs5n3AEg1Vdn0pSY4XbjASIfHNYF1/MP3T2Mf2STERTubysBxCRxzJGJYtF/O7vwJrxFB3Vw==}

  '@vue/compiler-ssr@3.5.40':
    resolution: {integrity: sha512-rrE5xiXG663+vHCHa3J9p2z5OcBRjXmoqenprJxAFQxg5pSshzeBiCE6pu46axapRJ2Adk0YDA2BRZVjiHXnhg==}

  '@vue/reactivity@3.5.40':
    resolution: {integrity: sha512-B7ot9UlUZOi1zbq61/LvE88ZLTV8IlajTdiZTAEiDQgrnIMIZoPr9kGw0Zw46ObW62O9+H/Be3kMbfb7kYPQZA==}

  '@vue/runtime-core@3.5.40':
    resolution: {integrity: sha512-KAZLweuZ6uUJPK1PMSQPgBU5gCjgrrfjUhSglmU9NhH+Zjepa8cnwSydPWDWHDwOgY4g3VcZ+PljbiHlURNCbw==}

  '@vue/runtime-dom@3.5.40':
    resolution: {integrity: sha512-ZfrX8ssZQds900L9pr8AuK05ddnMsR4MPMZr8cPN9GoqoPWcXLhjvvbIA2SMv+7a97sJ1vv9pj/zxK0Cq/eEFQ==}

  '@vue/server-renderer@3.5.40':
    resolution: {integrity: sha512-XNJym9WpevhTVt1HuwOrCRJ5Q+9z4BjTMrDtjTrvx74SmUll8spNTw6whWJa9mEkO4PKn5TihI/bm/8ds2QVJw==}

  '@vue/shared@3.5.40':
    resolution: {integrity: sha512-WxnBtruIqOoV3rA4jeKDWzrYI5h7Cp4+pjwDi8kWGHz+IslhiN+wguLVVhtv2l8VoU02rzDCVfDjgCl1lNpZVg==}

  '@xmldom/xmldom@0.9.10':
    resolution: {integrity: sha512-A9gOqLdi6cV4ibazAjcQufGj0B1y/vDqYrcuP6d/6x8P27gRS8643Dj9o1dEKtB6O7fwxb2FgBmJS2mX7gpvdw==}
    engines: {node: '>=14.6'}

  abbrev@3.0.1:
    resolution: {integrity: sha512-AO2ac6pjRB3SJmGJo+v5/aK6Omggp6fsLrs6wN9bd35ulu4cCwaAU9+7ZhXjeqHVkaHThLuzH0nZr0YpCDhygg==}
    engines: {node: ^18.17.0 || >=20.5.0}

  agent-base@7.1.4:
    resolution: {integrity: sha512-MnA+YT8fwfJPgBx3m60MNqakm30XOkyIoH1y6huTQvC0PwZG7ki8NacLBcrPbNoo8vEZy7Jpuk7+jMO+CUovTQ==}
    engines: {node: '>= 14'}

  ansi-regex@5.0.1:
    resolution: {integrity: sha512-quJQXlTSUGL2LH9SUXo8VwsY4soanhgo6LNSm84E1LBcE8s3O0wpdiRzyR9z/ZZJMlMWv37qOOb9pdJlMUEKFQ==}
    engines: {node: '>=8'}

  ansi-regex@6.2.2:
    resolution: {integrity: sha512-Bq3SmSpyFHaWjPk8If9yc6svM8c56dB5BAtW4Qbw5jHTwwXXcTLoRMkpDJp6VL0XzlWaCHTXrkFURMYmD0sLqg==}
    engines: {node: '>=12'}

  ansi-styles@4.3.0:
    resolution: {integrity: sha512-zbB9rCJAT1rbjiVDb2hqKFHNYLxgtk8NURxZ3IZwD3F6NtxbXZQCnnSi1Lkx+IDohdPlFp222wVALIheZJQSEg==}
    engines: {node: '>=8'}

  ansi-styles@6.2.3:
    resolution: {integrity: sha512-4Dj6M28JB+oAH8kFkTLUo+a2jwOFkuqb3yucU0CANcRRUbxS0cP0nZYCGjcc3BNXwRIsUVmDGgzawme7zvJHvg==}
    engines: {node: '>=12'}

  argparse@2.0.1:
    resolution: {integrity: sha512-8+9WqebbFzpX9OR+Wa6O29asIogeRMzcGtAINdpMHHyAg10f05aSFVBbcEqGf/PXw1EjAZ+q2/bEBg3DvurK3Q==}

  balanced-match@1.0.2:
    resolution: {integrity: sha512-3oSeUO0TMV67hN1AmbXsK4yaqU7tjiHlbxRDZOpH0KW9+CeX4bRAaX0Anxt0tx2MrpRpWwQaPwIlISEJhYU5Pw==}

  balanced-match@4.0.4:
    resolution: {integrity: sha512-BLrgEcRTwX2o6gGxGOCNyMvGSp35YofuYzw9h1IMTRmKqttAZZVU67bdb9Pr2vUHA8+j3i2tJfjO6C6+4myGTA==}
    engines: {node: 18 || 20 || >=22}

  bindings@1.5.0:
    resolution: {integrity: sha512-p2q/t/mhvuOj/UeLlV6566GD/guowlr0hHxClI0W9m7MWYkL1F0hLo+0Aexs9HSPCtR1SXQ0TD3MMKrXZajbiQ==}

  boolbase@1.0.0:
    resolution: {integrity: sha512-JZOSA7Mo9sNGB8+UjSgzdLtokWAky1zbztM3WRLCbZ70/3cTANmQmOdR7y2g+J0e2WXywy1yS468tY+IruqEww==}

  brace-expansion@2.1.4:
    resolution: {integrity: sha512-hGfVzPxthbf3+2yjg/RBs60cB0FhqBS/zvdV/4wn4/BmN0bNMMHPc4V/BbFieqf1TKAGGAHnY4eSjajCl0f2Xg==}

  brace-expansion@5.0.9:
    resolution: {integrity: sha512-ScQ4IuvIEF1TMlP7Zt+vjJ//9zlPb2SDcxWxM3bk8s6t6GGdJ7KO1dCcTidOPJKePW30LE/2cT7wCyPho9/Wxg==}
    engines: {node: 20 || >=22}

  bufferstreams@4.0.0:
    resolution: {integrity: sha512-azX778/2VQ9K2uiYprSUKLgK2K6lR1KtJycJDsMg7u0+Cc994A9HyGaUKb01e/T+M8jse057429iKXurCaT35g==}
    engines: {node: '>=20.11.1'}

  cacache@19.0.1:
    resolution: {integrity: sha512-hdsUxulXCi5STId78vRVYEtDAjq99ICAUktLTeTYsLoTE6Z8dS0c8pWNCxwdrk9YfJeobDZc2Y186hD/5ZQgFQ==}
    engines: {node: ^18.17.0 || >=20.5.0}

  chownr@3.0.0:
    resolution: {integrity: sha512-+IxzY9BZOQd/XuYPRmrvEVjF/nqj5kgT4kEq7VofrDoM1MxoRjEWkrCC3EtLi59TVawxTAn+orJwFQcrqEN1+g==}
    engines: {node: '>=18'}

  color-convert@2.0.1:
    resolution: {integrity: sha512-RRECPsj7iu/xb5oKYcsFHSppFNnsj/52OVTRKb4zP5onXwVF3zVmmToNcOfGC+CRDpfK/U584fMg38ZHCaElKQ==}
    engines: {node: '>=7.0.0'}

  color-name@1.1.4:
    resolution: {integrity: sha512-dOy+3AuW3a2wNbZHIuMZpTcgjGuLU/uBL/ubcZF9OXbDo8ff4O8yVp5Bf0efS8uEoYo5q4Fx7dY9OgQGXgAsQA==}

  commander@11.1.0:
    resolution: {integrity: sha512-yPVavfyCcRhmorC7rWlkHn15b4wDVgVmBA7kV4QVBsF7kv/9TKJAbAXVTxvTnwP8HHKjRCJDClKbciiYS7p0DQ==}
    engines: {node: '>=16'}

  commander@14.0.3:
    resolution: {integrity: sha512-H+y0Jo/T1RZ9qPP4Eh1pkcQcLRglraJaSLoyOtHxu6AapkjWVCy2Sit1QQ4x3Dng8qDlSsZEet7g5Pq06MvTgw==}
    engines: {node: '>=20'}

  cross-spawn@7.0.6:
    resolution: {integrity: sha512-uV2QOWP2nWzsy2aMp8aRibhi9dlzF5Hgh5SHaB9OiTGEyDTiJJyx0uy51QXdyWbtAHNua4XJzUKca3OzKUd3vA==}
    engines: {node: '>= 8'}

  css-select@5.2.2:
    resolution: {integrity: sha512-TizTzUddG/xYLA3NXodFM0fSbNizXjOKhqiQQwvhlspadZokn1KDy0NZFS0wuEubIYAV5/c1/lAr0TaaFXEXzw==}

  css-tree@2.2.1:
    resolution: {integrity: sha512-OA0mILzGc1kCOCSJerOeqDxDQ4HOh+G8NbOJFOTgOCzpw7fCBubk0fEyxp8AgOL/jvLgYA/uV0cMbe43ElF1JA==}
    engines: {node: ^10 || ^12.20.0 || ^14.13.0 || >=15.0.0, npm: '>=7.0.0'}

  css-tree@3.2.1:
    resolution: {integrity: sha512-X7sjQzceUhu1u7Y/ylrRZFU2FS6LRiFVp6rKLPg23y3x3c3DOKAwuXGDp+PAGjh6CSnCjYeAul8pcT8bAl+lSA==}
    engines: {node: ^10 || ^12.20.0 || ^14.13.0 || >=15.0.0}

  css-what@6.2.2:
    resolution: {integrity: sha512-u/O3vwbptzhMs3L1fQE82ZSLHQQfto5gyZzwteVIEyeaY5Fc7R4dapF/BvRoSYFeqfBk4m0V1Vafq5Pjv25wvA==}
    engines: {node: '>= 6'}

  csso@5.0.5:
    resolution: {integrity: sha512-0LrrStPOdJj+SPCCrGhzryycLjwcgUSHBtxNA8aIDxf0GLsRh1cKYhB00Gd1lDOS4yGH69+SNn13+TWbVHETFQ==}
    engines: {node: ^10 || ^12.20.0 || ^14.13.0 || >=15.0.0, npm: '>=7.0.0'}

  csstype@3.2.3:
    resolution: {integrity: sha512-z1HGKcYy2xA8AGQfwrn0PAy+PB7X/GSj3UVJW9qKyn43xWa+gl5nXmU4qqLMRzWVLFC8KusUX8T/0kCiOYpAIQ==}

  cubic2quad@1.2.1:
    resolution: {integrity: sha512-wT5Y7mO8abrV16gnssKdmIhIbA9wSkeMzhh27jAguKrV82i24wER0vL5TGhUJ9dbJNDcigoRZ0IAHFEEEI4THQ==}

  debug@4.4.3:
    resolution: {integrity: sha512-RGwwWnwQvkVfavKVt22FGLw+xYSdzARwm0ru6DhTVA3umU5hZc28V3kO4stgYryrTlLpuvgI9GiijltAjNbcqA==}
    engines: {node: '>=6.0'}
    peerDependencies:
      supports-color: '*'
    peerDependenciesMeta:
      supports-color:
        optional: true

  dom-serializer@2.0.0:
    resolution: {integrity: sha512-wIkAryiqt/nV5EQKqQpo3SToSOV9J0DnbJqwK7Wv/Trc92zIAYZ4FlMu+JPFW1DfGFt81ZTCGgDEabffXeLyJg==}

  domelementtype@2.3.0:
    resolution: {integrity: sha512-OLETBj6w0OsagBwdXnPdN0cnMfF9opN69co+7ZrbfPGrdpPVNBUj02spi6B1N7wChLQiPn4CSH/zJvXw56gmHw==}

  domhandler@5.0.3:
    resolution: {integrity: sha512-cgwlv/1iFQiFnU96XXgROh8xTeetsnJiDsTc7TYCLFd9+/WNkIqPTxiM/8pSd8VIrhXGTf1Ny1q1hquVqDJB5w==}
    engines: {node: '>= 4'}

  domutils@3.2.2:
    resolution: {integrity: sha512-6kZKyUajlDuqlHKVX1w7gyslj9MPIXzIFiz/rGu35uC1wMi+kMhQwGhl4lt9unC9Vb9INnY9Z3/ZA3+FhASLaw==}

  eastasianwidth@0.2.0:
    resolution: {integrity: sha512-I88TYZWc9XiYHRQ4/3c5rjjfgkjhLyW2luGIheGERbNQ6OY7yTybanSpDXZa8y7VUP9YmDcYa+eyq4ca7iLqWA==}

  emoji-regex@8.0.0:
    resolution: {integrity: sha512-MSjYzcWNOA0ewAHpz0MxpYFvwg6yjy1NG3xteoqz644VCo/RPgnr1/GGt+ic3iJTzQ8Eu3TdM14SawnVUmGE6A==}

  emoji-regex@9.2.2:
    resolution: {integrity: sha512-L18DaJsXSUk2+42pv8mLs5jJT2hqFkFE4j21wOmgbUqsZ2hL72NsUU785g9RXgo3s0ZNgVl42TiHp3ZtOv/Vyg==}

  encoding@0.1.13:
    resolution: {integrity: sha512-ETBauow1T35Y/WZMkio9jiM0Z5xjHHmJ4XmjZOq1l/dXz3lr2sRn87nJy20RupqSh1F2m3HHPSp8ShIPQJrJ3A==}

  entities@4.5.0:
    resolution: {integrity: sha512-V0hjH4dGPh9Ao5p0MoRY6BVqtwCjhz6vI5LT8AJ55H+4g9/4vbHx1I54fS0XuclLhDHArPQCiMjDxjaL8fPxhw==}
    engines: {node: '>=0.12'}

  entities@7.0.1:
    resolution: {integrity: sha512-TWrgLOFUQTH994YUyl1yT4uyavY5nNB5muff+RtWaqNVCAK408b5ZnnbNAUEWLTCpum9w6arT70i1XdQ4UeOPA==}
    engines: {node: '>=0.12'}

  env-paths@2.2.1:
    resolution: {integrity: sha512-+h1lkLKhZMTYjog1VEpJNG7NZJWcuc2DDk/qsqSTRRCOXiLjeQ1d1/udrUGhqMxUgAlwKNZ0cf2uqan5GLuS2A==}
    engines: {node: '>=6'}

  err-code@2.0.3:
    resolution: {integrity: sha512-2bmlRpNKBxT/CRmPOlyISQpNj+qSeYvcym/uT0Jx2bMOlKLtSy1ZmLuVxSEKKyor/N5yhvp/ZiG1oE3DEYMSFA==}

  esbuild@0.28.1:
    resolution: {integrity: sha512-HrJrvZv5ayxBzPfwphOoNzkzOIIlifzk0KJrGK2c8R4+LKpMtpYLQeUdjnwjWv/LZlkH2laZk+4w78pi99D4Vw==}
    engines: {node: '>=18'}
    hasBin: true

  estree-walker@2.0.2:
    resolution: {integrity: sha512-Rfkk/Mp/DL7JVje3u18FxFujQlTNR2q6QfMSMB7AvCBx91NGj/ba3kCfza0f6dVDbw7YlRf/nDrn7pQrCCyQ/w==}

  exponential-backoff@3.1.3:
    resolution: {integrity: sha512-ZgEeZXj30q+I0EN+CbSSpIyPaJ5HVQD18Z1m+u1FXbAeT94mr1zw50q4q6jiiC447Nl/YTcIYSAftiGqetwXCA==}

  fdir@6.5.0:
    resolution: {integrity: sha512-tIbYtZbucOs0BRGqPJkshJUYdL+SDH7dVM8gjy+ERp3WAUjLEFJE+02kanyHtwjWOnwrKYBiwAmM0p4kLJAnXg==}
    engines: {node: '>=12.0.0'}
    peerDependencies:
      picomatch: ^3 || ^4
    peerDependenciesMeta:
      picomatch:
        optional: true

  file-uri-to-path@1.0.0:
    resolution: {integrity: sha512-0Zt+s3L7Vf1biwWZ29aARiVYLx7iMGnEUl9x33fbB/j3jR81u/O2LbqK+Bm1CDSNDKVtJ/YjwY7TUd5SkeLQLw==}

  foreground-child@3.3.1:
    resolution: {integrity: sha512-gIXjKqtFuWEgzFRJA9WCQeSJLZDjgJUOMCMzxtvFq/37KojM1BFGufqsCy0r4qSQmYLsZYMeyRqzIWOMup03sw==}
    engines: {node: '>=14'}

  fs-minipass@3.0.3:
    resolution: {integrity: sha512-XUBA9XClHbnJWSfBzjkm6RvPsyg3sryZt06BEQoXcF7EK/xpGaQYJgQKDJSUH5SGZ76Y7pFx1QBnXz09rU5Fbw==}
    engines: {node: ^14.17.0 || ^16.13.0 || >=18.0.0}

  glob@10.5.0:
    resolution: {integrity: sha512-DfXN8DfhJ7NH3Oe7cFmu3NCu1wKbkReJ8TorzSAFbSKrlNaQSKfIzqYqVY8zlbs2NLBbWpRiU52GX2PbaBVNkg==}
    deprecated: Old versions of glob are not supported, and contain widely publicized security vulnerabilities, which have been fixed in the current version. Please update. Support for old versions may be purchased (at exorbitant rates) by contacting i@izs.me
    hasBin: true

  glob@13.0.6:
    resolution: {integrity: sha512-Wjlyrolmm8uDpm/ogGyXZXb1Z+Ca2B8NbJwqBVg0axK9GbBeoS7yGV6vjXnYdGm6X53iehEuxxbyiKp8QmN4Vw==}
    engines: {node: 18 || 20 || >=22}

  graceful-fs@4.2.11:
    resolution: {integrity: sha512-RbJ5/jmFcNNCcDV5o9eTnBLJ/HszWV0P73bc+Ff4nS/rJj+YaS6IGyiOL0VoBYX+l1Wrl3k63h/KrH+nhJ0XvQ==}

  http-cache-semantics@4.2.0:
    resolution: {integrity: sha512-dTxcvPXqPvXBQpq5dUr6mEMJX4oIEFv6bwom3FDwKRDsuIjjJGANqhBuoAn9c1RQJIdAKav33ED65E2ys+87QQ==}

  http-proxy-agent@7.0.2:
    resolution: {integrity: sha512-T1gkAiYYDWYx3V5Bmyu7HcfcvL7mUrTWiM6yOfa3PIphViJ/gFPbvidQ+veqSOHci/PxBcDabeUNCzpOODJZig==}
    engines: {node: '>= 14'}

  https-proxy-agent@7.0.6:
    resolution: {integrity: sha512-vK9P5/iUfdl95AI+JVyUuIcVtd4ofvtrOr3HNtM2yxC9bnMbEdp3x01OhQNnjb8IJYi38VlTE3mBXwcfvywuSw==}
    engines: {node: '>= 14'}

  iconv-lite@0.6.3:
    resolution: {integrity: sha512-4fCk79wshMdzMp2rH06qWrJE4iolqLhCUH+OiuIgU++RB0+94NlDL81atO7GX55uUKueo0txHNtvEyI6D7WdMw==}
    engines: {node: '>=0.10.0'}

  imurmurhash@0.1.4:
    resolution: {integrity: sha512-JmXMZ6wuvDmLiHEml9ykzqO6lwFbof0GG4IkcGaENdCRDDmMVnny7s5HsIgHCbaq0w2MyPhDqkhTUgS2LU2PHA==}
    engines: {node: '>=0.8.19'}

  inherits@2.0.4:
    resolution: {integrity: sha512-k/vGaX4/Yla3WzyMCvTQOXYeIHvqOKtnqBduzTHpzpQZzAskKMhZ2K+EnBiSM9zGSoIFeMpXKxa4dYeZIQqewQ==}

  ip-address@10.4.0:
    resolution: {integrity: sha512-oSK96Grm3aP6OrS263xVxbNDGVL7rzBtYdpGqlDG8iQdoenDoTs/nkki+DflYbAEE8Xl6o5YxhxlrKvI3nqKXQ==}
    engines: {node: '>= 12'}

  is-fullwidth-code-point@3.0.0:
    resolution: {integrity: sha512-zymm5+u+sCsSWyD9qNaejV3DFvhCKclKdizYaJUuHA83RLjb7nSuGnddCHGv0hk+KY7BMAlsWeK4Ueg6EV6XQg==}
    engines: {node: '>=8'}

  isexe@2.0.0:
    resolution: {integrity: sha512-RHxMLp9lnKHGHRng9QFhRCMbYAcVpn69smSGcq3f36xjgVVWThj4qqLbTLlq7Ssj8B+fIQ1EuCEGI2lKsyQeIw==}

  isexe@3.1.5:
    resolution: {integrity: sha512-6B3tLtFqtQS4ekarvLVMZ+X+VlvQekbe4taUkf/rhVO3d/h0M2rfARm/pXLcPEsjjMsFgrFgSrhQIxcSVrBz8w==}
    engines: {node: '>=18'}

  jackspeak@3.4.3:
    resolution: {integrity: sha512-OGlZQpz2yfahA/Rd1Y8Cd9SIEsqvXkLVoSw/cgwhnhFMDbsQFeZYoJJ7bIZBS9BcamUW96asq/npPWugM+RQBw==}

  lodash@4.18.1:
    resolution: {integrity: sha512-dMInicTPVE8d1e5otfwmmjlxkZoUpiVLwyeTdUsi/Caj/gfzzblBcCE5sRHV/AsjuCmxWrte2TNGSYuCeCq+0Q==}

  lru-cache@10.4.3:
    resolution: {integrity: sha512-JNAzZcXrCt42VGLuYz0zfAzDfAvJWW6AfYlDBQyDV5DClI2m5sAmK+OIO7s59XfsRsWHp02jAJrRadPRGTt6SQ==}

  lru-cache@11.5.2:
    resolution: {integrity: sha512-4pfM1Ff0x50o0tQwb5ucw/RzNyD0/YJME6IVcStalZuMWxdt3sR3huStTtxz4PUmvZfRguvDejasvQ2kifR11g==}
    engines: {node: 20 || >=22}

  magic-string@0.30.21:
    resolution: {integrity: sha512-vd2F4YUyEXKGcLHoq+TEyCjxueSeHnFxyyjNp80yg0XV4vUhnDer/lvvlqM/arB5bXQN5K2/3oinyCRyx8T2CQ==}

  make-fetch-happen@14.0.3:
    resolution: {integrity: sha512-QMjGbFTP0blj97EeidG5hk/QhKQ3T4ICckQGLgz38QF7Vgbk6e6FTARN8KhKxyBbWn8R0HU+bnw8aSoFPD4qtQ==}
    engines: {node: ^18.17.0 || >=20.5.0}

  mdn-data@2.0.28:
    resolution: {integrity: sha512-aylIc7Z9y4yzHYAJNuESG3hfhC+0Ibp/MAMiaOZgNv4pmEdFyfZhhhny4MNiAfWdBQ1RQ2mfDWmM1x8SvGyp8g==}

  mdn-data@2.27.1:
    resolution: {integrity: sha512-9Yubnt3e8A0OKwxYSXyhLymGW4sCufcLG6VdiDdUGVkPhpqLxlvP5vl1983gQjJl3tqbrM731mjaZaP68AgosQ==}

  microbuffer@1.0.0:
    resolution: {integrity: sha512-O/SUXauVN4x6RaEJFqSPcXNtLFL+QzJHKZlyDVYFwcDDRVca3Fa/37QXXC+4zAGGa4YhHrHxKXuuHvLDIQECtA==}

  minimatch@10.2.6:
    resolution: {integrity: sha512-vpLQEs+VLCr1nU0BXS07maYoFwlDAH0gngQuuttxIwutDFEMHq2blX+8vpgxDdK3J1PwjCJiep77OitTZ4Ll1A==}
    engines: {node: 18 || 20 || >=22}

  minimatch@9.0.9:
    resolution: {integrity: sha512-OBwBN9AL4dqmETlpS2zasx+vTeWclWzkblfZk7KTA5j3jeOONz/tRCnZomUyvNg83wL5Zv9Ss6HMJXAgL8R2Yg==}
    engines: {node: '>=16 || 14 >=14.17'}

  minipass-collect@2.0.1:
    resolution: {integrity: sha512-D7V8PO9oaz7PWGLbCACuI1qEOsq7UKfLotx/C0Aet43fCUB/wfQ7DYeq2oR/svFJGYDHPr38SHATeaj/ZoKHKw==}
    engines: {node: '>=16 || 14 >=14.17'}

  minipass-fetch@4.0.1:
    resolution: {integrity: sha512-j7U11C5HXigVuutxebFadoYBbd7VSdZWggSe64NVdvWNBqGAiXPL2QVCehjmw7lY1oF9gOllYbORh+hiNgfPgQ==}
    engines: {node: ^18.17.0 || >=20.5.0}

  minipass-flush@1.0.7:
    resolution: {integrity: sha512-TbqTz9cUwWyHS2Dy89P3ocAGUGxKjjLuR9z8w4WUTGAVgEj17/4nhgo2Du56i0Fm3Pm30g4iA8Lcqctc76jCzA==}
    engines: {node: '>= 8'}

  minipass-pipeline@1.2.4:
    resolution: {integrity: sha512-xuIq7cIOt09RPRJ19gdi4b+RiNvDFYe5JH+ggNvBqGqpQXcru3PcRmOZuHBKWK1Txf9+cQ+HMVN4d6z46LZP7A==}
    engines: {node: '>=8'}

  minipass-sized@1.0.3:
    resolution: {integrity: sha512-MbkQQ2CTiBMlA2Dm/5cY+9SWFEN8pzzOXi6rlM5Xxq0Yqbda5ZQy9sU75a673FE9ZK0Zsbr6Y5iP6u9nktfg2g==}
    engines: {node: '>=8'}

  minipass@3.3.6:
    resolution: {integrity: sha512-DxiNidxSEK+tHG6zOIklvNOwm3hvCrbUrdtzY74U6HKTJxvIDfOUL5W5P2Ghd3DTkhhKPYGqeNUIh5qcM4YBfw==}
    engines: {node: '>=8'}

  minipass@7.1.3:
    resolution: {integrity: sha512-tEBHqDnIoM/1rXME1zgka9g6Q2lcoCkxHLuc7ODJ5BxbP5d4c2Z5cGgtXAku59200Cx7diuHTOYfSBD8n6mm8A==}
    engines: {node: '>=16 || 14 >=14.17'}

  minizlib@3.1.0:
    resolution: {integrity: sha512-KZxYo1BUkWD2TVFLr0MQoM8vUUigWD3LlD83a/75BqC+4qE0Hb1Vo5v1FgcfaNXvfXzr+5EhQ6ing/CaBijTlw==}
    engines: {node: '>= 18'}

  ms@2.1.3:
    resolution: {integrity: sha512-6FlzubTLZG3J2a/NVCAleEhjzq5oxgHyaCU9yYXvcLsvoVaHJq/s5xXI6/XXP6tz7R9xAOtHnSO/tXtF3WRTlA==}

  nan@2.28.0:
    resolution: {integrity: sha512-fTsDz99OTq2sVePhGdp4qQhggZFtKr64ZNVyVajRKtMOkJxYekplBh577PiJB12v/D3s2E5cGtOI45LWp6rnLQ==}

  nanoid@3.3.16:
    resolution: {integrity: sha512-bzlKTyNJ7+LdGIIwy8ijFpIqEQIvafahV7eYykJ8Cvh42EdJeODoJ6gUJXpQJvej1BddH8OqTXZNE/KfbWAu8Q==}
    engines: {node: ^10 || ^12 || ^13.7 || ^14 || >=15.0.1}
    hasBin: true

  negotiator@1.0.0:
    resolution: {integrity: sha512-8Ofs/AUQh8MaEcrlq5xOX0CQ9ypTF5dl78mjlMNfOK08fzpgTHQRQPBxcPlEtIw0yRpws+Zo/3r+5WRby7u3Gg==}
    engines: {node: '>= 0.6'}

  node-gyp@11.5.0:
    resolution: {integrity: sha512-ra7Kvlhxn5V9Slyus0ygMa2h+UqExPqUIkfk7Pc8QTLT956JLSy51uWFwHtIYy0vI8cB4BDhc/S03+880My/LQ==}
    engines: {node: ^18.17.0 || >=20.5.0}
    hasBin: true

  nopt@8.1.0:
    resolution: {integrity: sha512-ieGu42u/Qsa4TFktmaKEwM6MQH0pOWnaB3htzh0JRtx84+Mebc0cbZYN5bC+6WTZ4+77xrL9Pn5m7CV6VIkV7A==}
    engines: {node: ^18.17.0 || >=20.5.0}
    hasBin: true

  nth-check@2.1.1:
    resolution: {integrity: sha512-lqjrjmaOoAnWfMmBPL+XNnynZh2+swxiX3WUE0s4yEHI6m+AwrK2UZOimIRl3X/4QctVqS8AiZjFqyOGrMXb/w==}

  p-map@7.0.6:
    resolution: {integrity: sha512-I4Prw6ivkd6p8PiYR1tXASOAOBzIJwu0TB7fqaX0c/8c3QAehNYmX57EijyGGGBt3c/BIowGwV03RVBtXvHEVg==}
    engines: {node: '>=18'}

  package-json-from-dist@1.0.1:
    resolution: {integrity: sha512-UEZIS3/by4OC8vL3P2dTXRETpebLI2NiI5vIrjaD/5UtrkFX/tNbwjTSRAGC/+7CAo2pIcBaRgWmcBBHcsaCIw==}

  pako@1.0.11:
    resolution: {integrity: sha512-4hLB8Py4zZce5s4yd9XzopqwVv/yGNhV1Bl8NTmCq1763HeK2+EwVTv+leGeL13Dnh2wfbqowVPXCIO0z4taYw==}

  path-key@3.1.1:
    resolution: {integrity: sha512-ojmeN0qd+y0jszEtoY48r0Peq5dwMEkIlCOu6Q5f41lfkswXuKtYrhgoTpLnyIcHm24Uhqx+5Tqm2InSwLhE6Q==}
    engines: {node: '>=8'}

  path-scurry@1.11.1:
    resolution: {integrity: sha512-Xa4Nw17FS9ApQFJ9umLiJS4orGjm7ZzwUrwamcGQuHSzDyth9boKDaycYdDcZDuqYATXw4HFXgaqWTctW/v1HA==}
    engines: {node: '>=16 || 14 >=14.18'}

  path-scurry@2.0.2:
    resolution: {integrity: sha512-3O/iVVsJAPsOnpwWIeD+d6z/7PmqApyQePUtCndjatj/9I5LylHvt5qluFaBT3I5h3r1ejfR056c+FCv+NnNXg==}
    engines: {node: 18 || 20 || >=22}

  picocolors@1.1.1:
    resolution: {integrity: sha512-xceH2snhtb5M9liqDsmEw56le376mTZkEX/jEb/RxNFyegNul7eNslCXP9FDj/Lcu0X8KEyMceP2ntpaHrDEVA==}

  picomatch@4.0.5:
    resolution: {integrity: sha512-RvwwcruNjI1ncT5xRakeyS9Lf8lcItv34KD+aif+VH9kduAyfYBipGh12274xtenIPZ119/R9BdTBa8gAwSh0A==}
    engines: {node: '>=12'}

  postcss@8.5.25:
    resolution: {integrity: sha512-DTPx3RWSSnWyzLxQnlH0rJP+EW5ekl16ZU4/psbIhA0e53kJfdgaN5vKM+xP7yJtXVu+nfdVFmlgFDEKAe4Pyw==}
    engines: {node: ^10 || ^12 || >=14}

  proc-log@5.0.0:
    resolution: {integrity: sha512-Azwzvl90HaF0aCz1JrDdXQykFakSSNPaPoiZ9fm5qJIMHioDZEi7OAdRwSm6rSoPtY3Qutnm3L7ogmg3dc+wbQ==}
    engines: {node: ^18.17.0 || >=20.5.0}

  promise-retry@2.0.1:
    resolution: {integrity: sha512-y+WKFlBR8BGXnsNlIHFGPZmyDf3DFMoLhaflAnyZgV6rG6xu+JwesTo2Q9R6XwYmtmwAFCkAk3e35jEdoeh/3g==}
    engines: {node: '>=10'}

  readable-stream@3.6.2:
    resolution: {integrity: sha512-9u/sniCrY3D5WdsERHzHE4G2YCXqoG5FTHUiCC4SIbr6XcLZBY05ya9EKjYek9O5xOAwjGq+1JdGBAS7Q9ScoA==}
    engines: {node: '>= 6'}

  retry@0.12.0:
    resolution: {integrity: sha512-9LkiTwjUh6rT555DtE9rTX+BKByPfrMzEAtnlEtdEwr3Nkffwiihqe2bWADg+OQRjt9gl6ICdmB/ZFDCGAtSow==}
    engines: {node: '>= 4'}

  safe-buffer@5.2.1:
    resolution: {integrity: sha512-rp3So07KcdmmKbGvgaNxQSJr7bGVSVk5S9Eq1F+ppbRo70+YeaDxkw5Dd8NPN+GD6bjnYm2VuPuCXmpuYvmCXQ==}

  safer-buffer@2.1.2:
    resolution: {integrity: sha512-YZo3K82SD7Riyi0E1EQPojLz7kpepnSQI9IyPbHHg1XXXevb5dJI7tpyN2ADxGcQbHG7vcyRHk0cbwqcQriUtg==}

  sax@1.6.1:
    resolution: {integrity: sha512-42tBVwLWnaQvW5zc4HbZrTuWccECCZfBi92FDuwtqxasH+JbPB3/FOKb1m222K42R4WxuxzzMsTswfzgtSu64Q==}
    engines: {node: '>=11.0.0'}

  semver@7.8.5:
    resolution: {integrity: sha512-Y7/KDsb8LjooZpwaqGyulO6DQlksgCncchHGk+sZIY4SBvUocMBEFH5Ur1fI4dV+Jvl0w6cjvucaIi40puRioA==}
    engines: {node: '>=10'}
    hasBin: true

  shebang-command@2.0.0:
    resolution: {integrity: sha512-kHxr2zZpYtdmrN1qDjrrX/Z1rR1kG8Dx+gkpK1G4eXmvXswmcE1hTWBWYUzlraYw1/yZp6YuDY77YtvbN0dmDA==}
    engines: {node: '>=8'}

  shebang-regex@3.0.0:
    resolution: {integrity: sha512-7++dFhtcx3353uBaq8DDR4NuxBetBzC7ZQOhmTQInHEd6bSrXdiEyzCvG07Z44UYdLShWUyXt5M/yhz8ekcb1A==}
    engines: {node: '>=8'}

  signal-exit@4.1.0:
    resolution: {integrity: sha512-bzyZ1e88w9O1iNJbKnOlvYTrWPDl46O1bG0D3XInv+9tkPrxrN8jUUTiFlDkkmKWgn1M6CfIA13SuGqOa9Korw==}
    engines: {node: '>=14'}

  smart-buffer@4.2.0:
    resolution: {integrity: sha512-94hK0Hh8rPqQl2xXc3HsaBoOXKV20MToPkcXvwbISWLEs+64sBq5kFgn2kJDHb1Pry9yrP0dxrCI9RRci7RXKg==}
    engines: {node: '>= 6.0.0', npm: '>= 3.0.0'}

  socks-proxy-agent@8.0.5:
    resolution: {integrity: sha512-HehCEsotFqbPW9sJ8WVYB6UbmIMv7kUUORIF2Nncq4VQvBfNBLibW9YZR5dlYCSUhwcD628pRllm7n+E+YTzJw==}
    engines: {node: '>= 14'}

  socks@2.8.9:
    resolution: {integrity: sha512-LJhUYUvItdQ0LkJTmPeaEObWXAqFyfmP85x0tch/ez9cahmhlBBLbIqDFnvBnUJGagb0JbIQrkBs1wJ+yRYpEw==}
    engines: {node: '>= 10.0.0', npm: '>= 3.0.0'}

  source-map-js@1.2.1:
    resolution: {integrity: sha512-UXWMKhLOwVKb728IUtQPXxfYU+usdybtUrK/8uGE8CQMvrhOpwvzDBwj0QhSL7MQc7vIsISBG8VQ8+IDQxpfQA==}
    engines: {node: '>=0.10.0'}

  ssri@12.0.0:
    resolution: {integrity: sha512-S7iGNosepx9RadX82oimUkvr0Ct7IjJbEbs4mJcTxst8um95J3sDYU1RBEOvdu6oL1Wek2ODI5i4MAw+dZ6cAQ==}
    engines: {node: ^18.17.0 || >=20.5.0}

  string-width@4.2.3:
    resolution: {integrity: sha512-wKyQRQpjJ0sIp62ErSZdGsjMJWsap5oRNihHhu6G7JVO/9jIB6UyevL+tXuOqrng8j/cxKTWyWUwvSTriiZz/g==}
    engines: {node: '>=8'}

  string-width@5.1.2:
    resolution: {integrity: sha512-HnLOCR3vjcY8beoNLtcjZ5/nxn2afmME6lhrDrebokqMap+XbeW8n9TXpPDOqdGK5qcI3oT0GKTW6wC7EMiVqA==}
    engines: {node: '>=12'}

  string_decoder@1.3.0:
    resolution: {integrity: sha512-hkRX8U1WjJFd8LsDJ2yQ/wWWxaopEsABU1XfkM8A+j0+85JAGppt16cr1Whg6KIbb4okU6Mql6BOj+uup/wKeA==}

  strip-ansi@6.0.1:
    resolution: {integrity: sha512-Y38VPSHcqkFrCpFnQ9vuSXmquuv5oXOKpGeT6aGrr3o3Gc9AlVa6JBfUSOCnbxGGZF+/0ooI7KrPuUSztUdU5A==}
    engines: {node: '>=8'}

  strip-ansi@7.2.0:
    resolution: {integrity: sha512-yDPMNjp4WyfYBkHnjIRLfca1i6KMyGCtsVgoKe/z1+6vukgaENdgGBZt+ZmKPc4gavvEZ5OgHfHdrazhgNyG7w==}
    engines: {node: '>=12'}

  svg-pathdata@9.0.0:
    resolution: {integrity: sha512-h9FuqmNsgDKq2hQBqTMOWjZwqdZOnWijZmcg6FL4iSmH6VvRnobhHrBQSdOiP0W9nwgv0qiW5vQ3//Arrmp19g==}
    engines: {node: '>=24.14.0'}

  svg2ttf@6.1.0:
    resolution: {integrity: sha512-EjxgcmhKcBpx/3fR1hPwVtJAbUc/ZsDpwOTF74SI3PbzCg4pDHnxVmoSuqgEqxVJGqqkSCI6+82cucpn2D5aOw==}
    hasBin: true

  svgicons2svgfont@16.0.0:
    resolution: {integrity: sha512-3y4fcCuu9/XYgkoDfnNAR1RUEjmbX6lX2oTTu8NVLHYbf2xmYyZB0NZzK7WNthn8oSY68thfyEARRgWyAveZOw==}
    engines: {node: '>=24.14.0'}
    hasBin: true

  svgo@4.0.2:
    resolution: {integrity: sha512-ekx94z1rRc5LDi6oSUaeRnYhd0UOJxdtQCL2rF8xpWxD3TPAsISWOrxezqGovqS38GRZOdpDfvQe3ts6F7nsng==}
    engines: {node: '>=16'}
    hasBin: true

  svgpath@2.6.0:
    resolution: {integrity: sha512-OIWR6bKzXvdXYyO4DK/UWa1VA1JeKq8E+0ug2DG98Y/vOmMpfZNj+TIG988HjfYSqtcy/hFOtZq/n/j5GSESNg==}

  tar@7.5.22:
    resolution: {integrity: sha512-MFO/QzvtAOmJbkhOaCTvbGcFN9L9b+JunIsDwaKljSOdcLMea3NJ1k9Usz/rjdfSXTq4dfzfeS7W4p4YOAAHeA==}
    engines: {node: '>=18'}

  tinyglobby@0.2.17:
    resolution: {integrity: sha512-wXR/dYpcqKmfWpEdZjiKJOwCNFndD0DMnrW/cYjVGttEkBfVgcLFHoNrlj47mjOVic9yyNu65alsgF4NQyTa2g==}
    engines: {node: '>=12.0.0'}

  transformation-matrix@3.1.0:
    resolution: {integrity: sha512-oYubRWTi2tYFHAL2J8DLvPIqIYcYZ0fSOi2vmSy042Ho4jBW2ce6VP7QfD44t65WQz6bw5w1Pk22J7lcUpaTKA==}

  ttf2eot@3.1.0:
    resolution: {integrity: sha512-aHTbcYosNHVqb2Qtt9Xfta77ae/5y0VfdwNLUS6sGBeGr22cX2JDMo/i5h3uuOf+FAD3akYOr17+fYd5NK8aXw==}
    hasBin: true

  ttf2woff2@8.0.1:
    resolution: {integrity: sha512-nWSZLaXOgYtvgY6G0SFI8dVHsGWIchlnNMNRglT3Amp2WGy0GSPd9kLAkFd+HvEOzZ/aY6EUrpOF66QaPbipgg==}
    engines: {node: '>=20.11.1'}
    hasBin: true

  ttf2woff@3.0.0:
    resolution: {integrity: sha512-OvmFcj70PhmAsVQKfC15XoKH55cRWuaRzvr2fpTNhTNer6JBpG8n6vOhRrIgxMjcikyYt88xqYXMMVapJ4Rjvg==}
    hasBin: true

  undici-types@8.3.0:
    resolution: {integrity: sha512-j375ScV60dom+YkPFIfTLcOiPxkN/buHz5GobjLhixFuANaNs3C9l4GmrWqejgXWJ7BbJcFYpTEUkS1Ge8bpZQ==}

  unique-filename@4.0.0:
    resolution: {integrity: sha512-XSnEewXmQ+veP7xX2dS5Q4yZAvO40cBN2MWkJ7D/6sW4Dg6wYBNwM1Vrnz1FhH5AdeLIlUXRI9e28z1YZi71NQ==}
    engines: {node: ^18.17.0 || >=20.5.0}

  unique-slug@5.0.0:
    resolution: {integrity: sha512-9OdaqO5kwqR+1kVgHAhsp5vPNU0hnxRa26rBFNfNgM7M6pNtgzeBn3s/xbyCQL3dcjzOatcef6UUHpB/6MaETg==}
    engines: {node: ^18.17.0 || >=20.5.0}

  util-deprecate@1.0.2:
    resolution: {integrity: sha512-EPD5q1uXyFxJpCrLnCc1nHnq3gOa6DZBocAIiI2TaSCA7VCJ1UJDMagCzIkXNsUYfD1daK//LTEQ8xiIbrHtcw==}

  vue@3.5.40:
    resolution: {integrity: sha512-+8PJ4SJXdn/cHGImF4CKdxlWHIN5Dkt7DoufRREM6h6uVCx2m7QxgcEQmmzyOK8A9mcafg7sFbJFYsdFVubTig==}
    peerDependencies:
      typescript: '*'
    peerDependenciesMeta:
      typescript:
        optional: true

  which@2.0.2:
    resolution: {integrity: sha512-BLI3Tl1TW3Pvl70l3yq3Y64i+awpwXqsGBYWkkqMtnbXgrMD+yj7rhW0kuEDxzJaYXGjEW5ogapKNMEKNMjibA==}
    engines: {node: '>= 8'}
    hasBin: true

  which@5.0.0:
    resolution: {integrity: sha512-JEdGzHwwkrbWoGOlIHqQ5gtprKGOenpDHpxE9zVR1bWbOtYRyPPHMe9FaP6x61CmNaTThSkb0DAJte5jD+DmzQ==}
    engines: {node: ^18.17.0 || >=20.5.0}
    hasBin: true

  wrap-ansi@7.0.0:
    resolution: {integrity: sha512-YVGIj2kamLSTxw6NsZjoBxfSwsn0ycdesmc4p+Q21c5zPuZ1pl+NfxVdxPtdHvmNVOQ6XSYG4AUtyt/Fi7D16Q==}
    engines: {node: '>=10'}

  wrap-ansi@8.1.0:
    resolution: {integrity: sha512-si7QWI6zUMq56bESFvagtmzMdGOtoxfR+Sez11Mobfc7tm+VkUckk9bW2UeffTGVUbOksxmSw0AA2gs8g71NCQ==}
    engines: {node: '>=12'}

  yallist@4.0.0:
    resolution: {integrity: sha512-3wdGidZyq5PB084XLES5TpOSRA3wjXAlIWMhum2kRcv/41Sn2emQ0dycQW4uZXLejwKvg6EsvbdlVL+FYEct7A==}

  yallist@5.0.0:
    resolution: {integrity: sha512-YgvUTfwqyc7UXVMrB+SImsVYSmTS8X/tSrtdNZMImM+n7+QTriRXyXim0mBrTXNeqzVF0KWGgHPeiyViFFrNDw==}
    engines: {node: '>=18'}

  yerror@8.0.0:
    resolution: {integrity: sha512-FemWD5/UqNm8ffj8oZIbjWXIF2KE0mZssggYpdaQkWDDgXBQ/35PNIxEuz6/YLn9o0kOxDBNJe8x8k9ljD7k/g==}
    engines: {node: '>=18.16.0'}

  yerror@9.1.1:
    resolution: {integrity: sha512-6XGifXCr19Zy0O3YuoWs7287A/9Ush4C/xN9buokIBVUVGrblN3FTrumLmIZFSsSdDlKdJhjXV2GLpba3qoljA==}
    engines: {node: '>=24.14.0'}

snapshots:

  '@babel/helper-string-parser@7.29.7': {}

  '@babel/helper-validator-identifier@7.29.7': {}

  '@babel/parser@7.29.8':
    dependencies:
      '@babel/types': 7.29.8

  '@babel/types@7.29.8':
    dependencies:
      '@babel/helper-string-parser': 7.29.7
      '@babel/helper-validator-identifier': 7.29.7

  '@esbuild/aix-ppc64@0.28.1':
    optional: true

  '@esbuild/android-arm64@0.28.1':
    optional: true

  '@esbuild/android-arm@0.28.1':
    optional: true

  '@esbuild/android-x64@0.28.1':
    optional: true

  '@esbuild/darwin-arm64@0.28.1':
    optional: true

  '@esbuild/darwin-x64@0.28.1':
    optional: true

  '@esbuild/freebsd-arm64@0.28.1':
    optional: true

  '@esbuild/freebsd-x64@0.28.1':
    optional: true

  '@esbuild/linux-arm64@0.28.1':
    optional: true

  '@esbuild/linux-arm@0.28.1':
    optional: true

  '@esbuild/linux-ia32@0.28.1':
    optional: true

  '@esbuild/linux-loong64@0.28.1':
    optional: true

  '@esbuild/linux-mips64el@0.28.1':
    optional: true

  '@esbuild/linux-ppc64@0.28.1':
    optional: true

  '@esbuild/linux-riscv64@0.28.1':
    optional: true

  '@esbuild/linux-s390x@0.28.1':
    optional: true

  '@esbuild/linux-x64@0.28.1':
    optional: true

  '@esbuild/netbsd-arm64@0.28.1':
    optional: true

  '@esbuild/netbsd-x64@0.28.1':
    optional: true

  '@esbuild/openbsd-arm64@0.28.1':
    optional: true

  '@esbuild/openbsd-x64@0.28.1':
    optional: true

  '@esbuild/openharmony-arm64@0.28.1':
    optional: true

  '@esbuild/sunos-x64@0.28.1':
    optional: true

  '@esbuild/win32-arm64@0.28.1':
    optional: true

  '@esbuild/win32-ia32@0.28.1':
    optional: true

  '@esbuild/win32-x64@0.28.1':
    optional: true

  '@isaacs/cliui@8.0.2':
    dependencies:
      string-width: 5.1.2
      string-width-cjs: string-width@4.2.3
      strip-ansi: 7.2.0
      strip-ansi-cjs: strip-ansi@6.0.1
      wrap-ansi: 8.1.0
      wrap-ansi-cjs: wrap-ansi@7.0.0

  '@isaacs/fs-minipass@4.0.1':
    dependencies:
      minipass: 7.1.3

  '@jridgewell/sourcemap-codec@1.5.5': {}

  '@npmcli/agent@3.0.0':
    dependencies:
      agent-base: 7.1.4
      http-proxy-agent: 7.0.2
      https-proxy-agent: 7.0.6
      lru-cache: 10.4.3
      socks-proxy-agent: 8.0.5
    transitivePeerDependencies:
      - supports-color

  '@npmcli/fs@4.0.0':
    dependencies:
      semver: 7.8.5

  '@pkgjs/parseargs@0.11.0':
    optional: true

  '@types/node@26.1.2':
    dependencies:
      undici-types: 8.3.0

  '@types/sax@1.2.7':
    dependencies:
      '@types/node': 26.1.2

  '@vue/compiler-core@3.5.40':
    dependencies:
      '@babel/parser': 7.29.8
      '@vue/shared': 3.5.40
      entities: 7.0.1
      estree-walker: 2.0.2
      source-map-js: 1.2.1

  '@vue/compiler-dom@3.5.40':
    dependencies:
      '@vue/compiler-core': 3.5.40
      '@vue/shared': 3.5.40

  '@vue/compiler-sfc@3.5.40':
    dependencies:
      '@babel/parser': 7.29.8
      '@vue/compiler-core': 3.5.40
      '@vue/compiler-dom': 3.5.40
      '@vue/compiler-ssr': 3.5.40
      '@vue/shared': 3.5.40
      estree-walker: 2.0.2
      magic-string: 0.30.21
      postcss: 8.5.25
      source-map-js: 1.2.1

  '@vue/compiler-ssr@3.5.40':
    dependencies:
      '@vue/compiler-dom': 3.5.40
      '@vue/shared': 3.5.40

  '@vue/reactivity@3.5.40':
    dependencies:
      '@vue/shared': 3.5.40

  '@vue/runtime-core@3.5.40':
    dependencies:
      '@vue/reactivity': 3.5.40
      '@vue/shared': 3.5.40

  '@vue/runtime-dom@3.5.40':
    dependencies:
      '@vue/reactivity': 3.5.40
      '@vue/runtime-core': 3.5.40
      '@vue/shared': 3.5.40
      csstype: 3.2.3

  '@vue/server-renderer@3.5.40':
    dependencies:
      '@vue/compiler-ssr': 3.5.40
      '@vue/runtime-dom': 3.5.40
      '@vue/shared': 3.5.40

  '@vue/shared@3.5.40': {}

  '@xmldom/xmldom@0.9.10': {}

  abbrev@3.0.1: {}

  agent-base@7.1.4: {}

  ansi-regex@5.0.1: {}

  ansi-regex@6.2.2: {}

  ansi-styles@4.3.0:
    dependencies:
      color-convert: 2.0.1

  ansi-styles@6.2.3: {}

  argparse@2.0.1: {}

  balanced-match@1.0.2: {}

  balanced-match@4.0.4: {}

  bindings@1.5.0:
    dependencies:
      file-uri-to-path: 1.0.0

  boolbase@1.0.0: {}

  brace-expansion@2.1.4:
    dependencies:
      balanced-match: 1.0.2

  brace-expansion@5.0.9:
    dependencies:
      balanced-match: 4.0.4

  bufferstreams@4.0.0:
    dependencies:
      readable-stream: 3.6.2
      yerror: 8.0.0

  cacache@19.0.1:
    dependencies:
      '@npmcli/fs': 4.0.0
      fs-minipass: 3.0.3
      glob: 10.5.0
      lru-cache: 10.4.3
      minipass: 7.1.3
      minipass-collect: 2.0.1
      minipass-flush: 1.0.7
      minipass-pipeline: 1.2.4
      p-map: 7.0.6
      ssri: 12.0.0
      tar: 7.5.22
      unique-filename: 4.0.0

  chownr@3.0.0: {}

  color-convert@2.0.1:
    dependencies:
      color-name: 1.1.4

  color-name@1.1.4: {}

  commander@11.1.0: {}

  commander@14.0.3: {}

  cross-spawn@7.0.6:
    dependencies:
      path-key: 3.1.1
      shebang-command: 2.0.0
      which: 2.0.2

  css-select@5.2.2:
    dependencies:
      boolbase: 1.0.0
      css-what: 6.2.2
      domhandler: 5.0.3
      domutils: 3.2.2
      nth-check: 2.1.1

  css-tree@2.2.1:
    dependencies:
      mdn-data: 2.0.28
      source-map-js: 1.2.1

  css-tree@3.2.1:
    dependencies:
      mdn-data: 2.27.1
      source-map-js: 1.2.1

  css-what@6.2.2: {}

  csso@5.0.5:
    dependencies:
      css-tree: 2.2.1

  csstype@3.2.3: {}

  cubic2quad@1.2.1: {}

  debug@4.4.3:
    dependencies:
      ms: 2.1.3

  dom-serializer@2.0.0:
    dependencies:
      domelementtype: 2.3.0
      domhandler: 5.0.3
      entities: 4.5.0

  domelementtype@2.3.0: {}

  domhandler@5.0.3:
    dependencies:
      domelementtype: 2.3.0

  domutils@3.2.2:
    dependencies:
      dom-serializer: 2.0.0
      domelementtype: 2.3.0
      domhandler: 5.0.3

  eastasianwidth@0.2.0: {}

  emoji-regex@8.0.0: {}

  emoji-regex@9.2.2: {}

  encoding@0.1.13:
    dependencies:
      iconv-lite: 0.6.3
    optional: true

  entities@4.5.0: {}

  entities@7.0.1: {}

  env-paths@2.2.1: {}

  err-code@2.0.3: {}

  esbuild@0.28.1:
    optionalDependencies:
      '@esbuild/aix-ppc64': 0.28.1
      '@esbuild/android-arm': 0.28.1
      '@esbuild/android-arm64': 0.28.1
      '@esbuild/android-x64': 0.28.1
      '@esbuild/darwin-arm64': 0.28.1
      '@esbuild/darwin-x64': 0.28.1
      '@esbuild/freebsd-arm64': 0.28.1
      '@esbuild/freebsd-x64': 0.28.1
      '@esbuild/linux-arm': 0.28.1
      '@esbuild/linux-arm64': 0.28.1
      '@esbuild/linux-ia32': 0.28.1
      '@esbuild/linux-loong64': 0.28.1
      '@esbuild/linux-mips64el': 0.28.1
      '@esbuild/linux-ppc64': 0.28.1
      '@esbuild/linux-riscv64': 0.28.1
      '@esbuild/linux-s390x': 0.28.1
      '@esbuild/linux-x64': 0.28.1
      '@esbuild/netbsd-arm64': 0.28.1
      '@esbuild/netbsd-x64': 0.28.1
      '@esbuild/openbsd-arm64': 0.28.1
      '@esbuild/openbsd-x64': 0.28.1
      '@esbuild/openharmony-arm64': 0.28.1
      '@esbuild/sunos-x64': 0.28.1
      '@esbuild/win32-arm64': 0.28.1
      '@esbuild/win32-ia32': 0.28.1
      '@esbuild/win32-x64': 0.28.1

  estree-walker@2.0.2: {}

  exponential-backoff@3.1.3: {}

  fdir@6.5.0(picomatch@4.0.5):
    optionalDependencies:
      picomatch: 4.0.5

  file-uri-to-path@1.0.0: {}

  foreground-child@3.3.1:
    dependencies:
      cross-spawn: 7.0.6
      signal-exit: 4.1.0

  fs-minipass@3.0.3:
    dependencies:
      minipass: 7.1.3

  glob@10.5.0:
    dependencies:
      foreground-child: 3.3.1
      jackspeak: 3.4.3
      minimatch: 9.0.9
      minipass: 7.1.3
      package-json-from-dist: 1.0.1
      path-scurry: 1.11.1

  glob@13.0.6:
    dependencies:
      minimatch: 10.2.6
      minipass: 7.1.3
      path-scurry: 2.0.2

  graceful-fs@4.2.11: {}

  http-cache-semantics@4.2.0: {}

  http-proxy-agent@7.0.2:
    dependencies:
      agent-base: 7.1.4
      debug: 4.4.3
    transitivePeerDependencies:
      - supports-color

  https-proxy-agent@7.0.6:
    dependencies:
      agent-base: 7.1.4
      debug: 4.4.3
    transitivePeerDependencies:
      - supports-color

  iconv-lite@0.6.3:
    dependencies:
      safer-buffer: 2.1.2
    optional: true

  imurmurhash@0.1.4: {}

  inherits@2.0.4: {}

  ip-address@10.4.0: {}

  is-fullwidth-code-point@3.0.0: {}

  isexe@2.0.0: {}

  isexe@3.1.5: {}

  jackspeak@3.4.3:
    dependencies:
      '@isaacs/cliui': 8.0.2
    optionalDependencies:
      '@pkgjs/parseargs': 0.11.0

  lodash@4.18.1: {}

  lru-cache@10.4.3: {}

  lru-cache@11.5.2: {}

  magic-string@0.30.21:
    dependencies:
      '@jridgewell/sourcemap-codec': 1.5.5

  make-fetch-happen@14.0.3:
    dependencies:
      '@npmcli/agent': 3.0.0
      cacache: 19.0.1
      http-cache-semantics: 4.2.0
      minipass: 7.1.3
      minipass-fetch: 4.0.1
      minipass-flush: 1.0.7
      minipass-pipeline: 1.2.4
      negotiator: 1.0.0
      proc-log: 5.0.0
      promise-retry: 2.0.1
      ssri: 12.0.0
    transitivePeerDependencies:
      - supports-color

  mdn-data@2.0.28: {}

  mdn-data@2.27.1: {}

  microbuffer@1.0.0: {}

  minimatch@10.2.6:
    dependencies:
      brace-expansion: 5.0.9

  minimatch@9.0.9:
    dependencies:
      brace-expansion: 2.1.4

  minipass-collect@2.0.1:
    dependencies:
      minipass: 7.1.3

  minipass-fetch@4.0.1:
    dependencies:
      minipass: 7.1.3
      minipass-sized: 1.0.3
      minizlib: 3.1.0
    optionalDependencies:
      encoding: 0.1.13

  minipass-flush@1.0.7:
    dependencies:
      minipass: 3.3.6

  minipass-pipeline@1.2.4:
    dependencies:
      minipass: 3.3.6

  minipass-sized@1.0.3:
    dependencies:
      minipass: 3.3.6

  minipass@3.3.6:
    dependencies:
      yallist: 4.0.0

  minipass@7.1.3: {}

  minizlib@3.1.0:
    dependencies:
      minipass: 7.1.3

  ms@2.1.3: {}

  nan@2.28.0: {}

  nanoid@3.3.16: {}

  negotiator@1.0.0: {}

  node-gyp@11.5.0:
    dependencies:
      env-paths: 2.2.1
      exponential-backoff: 3.1.3
      graceful-fs: 4.2.11
      make-fetch-happen: 14.0.3
      nopt: 8.1.0
      proc-log: 5.0.0
      semver: 7.8.5
      tar: 7.5.22
      tinyglobby: 0.2.17
      which: 5.0.0
    transitivePeerDependencies:
      - supports-color

  nopt@8.1.0:
    dependencies:
      abbrev: 3.0.1

  nth-check@2.1.1:
    dependencies:
      boolbase: 1.0.0

  p-map@7.0.6: {}

  package-json-from-dist@1.0.1: {}

  pako@1.0.11: {}

  path-key@3.1.1: {}

  path-scurry@1.11.1:
    dependencies:
      lru-cache: 10.4.3
      minipass: 7.1.3

  path-scurry@2.0.2:
    dependencies:
      lru-cache: 11.5.2
      minipass: 7.1.3

  picocolors@1.1.1: {}

  picomatch@4.0.5: {}

  postcss@8.5.25:
    dependencies:
      nanoid: 3.3.16
      picocolors: 1.1.1
      source-map-js: 1.2.1

  proc-log@5.0.0: {}

  promise-retry@2.0.1:
    dependencies:
      err-code: 2.0.3
      retry: 0.12.0

  readable-stream@3.6.2:
    dependencies:
      inherits: 2.0.4
      string_decoder: 1.3.0
      util-deprecate: 1.0.2

  retry@0.12.0: {}

  safe-buffer@5.2.1: {}

  safer-buffer@2.1.2:
    optional: true

  sax@1.6.1: {}

  semver@7.8.5: {}

  shebang-command@2.0.0:
    dependencies:
      shebang-regex: 3.0.0

  shebang-regex@3.0.0: {}

  signal-exit@4.1.0: {}

  smart-buffer@4.2.0: {}

  socks-proxy-agent@8.0.5:
    dependencies:
      agent-base: 7.1.4
      debug: 4.4.3
      socks: 2.8.9
    transitivePeerDependencies:
      - supports-color

  socks@2.8.9:
    dependencies:
      ip-address: 10.4.0
      smart-buffer: 4.2.0

  source-map-js@1.2.1: {}

  ssri@12.0.0:
    dependencies:
      minipass: 7.1.3

  string-width@4.2.3:
    dependencies:
      emoji-regex: 8.0.0
      is-fullwidth-code-point: 3.0.0
      strip-ansi: 6.0.1

  string-width@5.1.2:
    dependencies:
      eastasianwidth: 0.2.0
      emoji-regex: 9.2.2
      strip-ansi: 7.2.0

  string_decoder@1.3.0:
    dependencies:
      safe-buffer: 5.2.1

  strip-ansi@6.0.1:
    dependencies:
      ansi-regex: 5.0.1

  strip-ansi@7.2.0:
    dependencies:
      ansi-regex: 6.2.2

  svg-pathdata@9.0.0: {}

  svg2ttf@6.1.0:
    dependencies:
      '@xmldom/xmldom': 0.9.10
      argparse: 2.0.1
      cubic2quad: 1.2.1
      lodash: 4.18.1
      microbuffer: 1.0.0
      svgpath: 2.6.0

  svgicons2svgfont@16.0.0:
    dependencies:
      '@types/sax': 1.2.7
      commander: 14.0.3
      debug: 4.4.3
      glob: 13.0.6
      sax: 1.6.1
      svg-pathdata: 9.0.0
      transformation-matrix: 3.1.0
      yerror: 9.1.1
    transitivePeerDependencies:
      - supports-color

  svgo@4.0.2:
    dependencies:
      commander: 11.1.0
      css-select: 5.2.2
      css-tree: 3.2.1
      css-what: 6.2.2
      csso: 5.0.5
      picocolors: 1.1.1
      sax: 1.6.1

  svgpath@2.6.0: {}

  tar@7.5.22:
    dependencies:
      '@isaacs/fs-minipass': 4.0.1
      chownr: 3.0.0
      minipass: 7.1.3
      minizlib: 3.1.0
      yallist: 5.0.0

  tinyglobby@0.2.17:
    dependencies:
      fdir: 6.5.0(picomatch@4.0.5)
      picomatch: 4.0.5

  transformation-matrix@3.1.0: {}

  ttf2eot@3.1.0:
    dependencies:
      argparse: 2.0.1

  ttf2woff2@8.0.1:
    dependencies:
      bindings: 1.5.0
      bufferstreams: 4.0.0
      debug: 4.4.3
      nan: 2.28.0
      node-gyp: 11.5.0
      yerror: 8.0.0
    transitivePeerDependencies:
      - supports-color

  ttf2woff@3.0.0:
    dependencies:
      argparse: 2.0.1
      pako: 1.0.11

  undici-types@8.3.0: {}

  unique-filename@4.0.0:
    dependencies:
      unique-slug: 5.0.0

  unique-slug@5.0.0:
    dependencies:
      imurmurhash: 0.1.4

  util-deprecate@1.0.2: {}

  vue@3.5.40:
    dependencies:
      '@vue/compiler-dom': 3.5.40
      '@vue/compiler-sfc': 3.5.40
      '@vue/runtime-dom': 3.5.40
      '@vue/server-renderer': 3.5.40
      '@vue/shared': 3.5.40

  which@2.0.2:
    dependencies:
      isexe: 2.0.0

  which@5.0.0:
    dependencies:
      isexe: 3.1.5

  wrap-ansi@7.0.0:
    dependencies:
      ansi-styles: 4.3.0
      string-width: 4.2.3
      strip-ansi: 6.0.1

  wrap-ansi@8.1.0:
    dependencies:
      ansi-styles: 6.2.3
      string-width: 5.1.2
      strip-ansi: 7.2.0

  yallist@4.0.0: {}

  yallist@5.0.0: {}

  yerror@8.0.0: {}

  yerror@9.1.1: {}
